// !$*UTF8*$!
{
	archiveVersion = 1;
	classes = {
	};
	objectVersion = 48;
	objects = {

/* Begin PBXBuildFile section */
		2C46C9A81F75C6EF00969EAF /* GoogleAPIManager.swift in Sources */ = {isa = PBXBuildFile; fileRef = 2C46C9A71F75C6EF00969EAF /* GoogleAPIManager.swift */; };
		2C46C9AA1F75C77200969EAF /* NutritionAPIManager.swift in Sources */ = {isa = PBXBuildFile; fileRef = 2C46C9A91F75C77200969EAF /* NutritionAPIManager.swift */; };
		2C46C9AC1F75D1A700969EAF /* FoodManager.swift in Sources */ = {isa = PBXBuildFile; fileRef = 2C46C9AB1F75D1A700969EAF /* FoodManager.swift */; };
		2C46C9AE1F75D1F500969EAF /* HistoryData.swift in Sources */ = {isa = PBXBuildFile; fileRef = 2C46C9AD1F75D1F500969EAF /* HistoryData.swift */; };
		73EDA611C28576BAFE27FEB5 /* Pods_CalARie.framework in Frameworks */ = {isa = PBXBuildFile; fileRef = 9EE2BA1EAFF8850253B46486 /* Pods_CalARie.framework */; };
		D9248F211F75F0D800EF830D /* HistoryTableViewController.swift in Sources */ = {isa = PBXBuildFile; fileRef = D9248F201F75F0D800EF830D /* HistoryTableViewController.swift */; };
		D92A8DA21F75BEEE00BA30CE /* AppDelegate.swift in Sources */ = {isa = PBXBuildFile; fileRef = D92A8DA11F75BEEE00BA30CE /* AppDelegate.swift */; };
		D92A8DA41F75BEEE00BA30CE /* art.scnassets in Resources */ = {isa = PBXBuildFile; fileRef = D92A8DA31F75BEEE00BA30CE /* art.scnassets */; };
		D92A8DA61F75BEEE00BA30CE /* ViewController.swift in Sources */ = {isa = PBXBuildFile; fileRef = D92A8DA51F75BEEE00BA30CE /* ViewController.swift */; };
		D92A8DA91F75BEEE00BA30CE /* Main.storyboard in Resources */ = {isa = PBXBuildFile; fileRef = D92A8DA71F75BEEE00BA30CE /* Main.storyboard */; };
		D92A8DAB1F75BEEE00BA30CE /* Assets.xcassets in Resources */ = {isa = PBXBuildFile; fileRef = D92A8DAA1F75BEEE00BA30CE /* Assets.xcassets */; };
		D92A8DAE1F75BEEE00BA30CE /* LaunchScreen.storyboard in Resources */ = {isa = PBXBuildFile; fileRef = D92A8DAC1F75BEEE00BA30CE /* LaunchScreen.storyboard */; };
/* End PBXBuildFile section */

/* Begin PBXFileReference section */
		2C46C9A71F75C6EF00969EAF /* GoogleAPIManager.swift */ = {isa = PBXFileReference; lastKnownFileType = sourcecode.swift; path = GoogleAPIManager.swift; sourceTree = "<group>"; };
		2C46C9A91F75C77200969EAF /* NutritionAPIManager.swift */ = {isa = PBXFileReference; lastKnownFileType = sourcecode.swift; path = NutritionAPIManager.swift; sourceTree = "<group>"; };
		2C46C9AB1F75D1A700969EAF /* FoodManager.swift */ = {isa = PBXFileReference; lastKnownFileType = sourcecode.swift; path = FoodManager.swift; sourceTree = "<group>"; };
		2C46C9AD1F75D1F500969EAF /* HistoryData.swift */ = {isa = PBXFileReference; lastKnownFileType = sourcecode.swift; path = HistoryData.swift; sourceTree = "<group>"; };
		9EE2BA1EAFF8850253B46486 /* Pods_CalARie.framework */ = {isa = PBXFileReference; explicitFileType = wrapper.framework; includeInIndex = 0; path = Pods_CalARie.framework; sourceTree = BUILT_PRODUCTS_DIR; };
		D9248F201F75F0D800EF830D /* HistoryTableViewController.swift */ = {isa = PBXFileReference; lastKnownFileType = sourcecode.swift; path = HistoryTableViewController.swift; sourceTree = "<group>"; };
		D92A8D9E1F75BEEE00BA30CE /* CalARie.app */ = {isa = PBXFileReference; explicitFileType = wrapper.application; includeInIndex = 0; path = CalARie.app; sourceTree = BUILT_PRODUCTS_DIR; };
		D92A8DA11F75BEEE00BA30CE /* AppDelegate.swift */ = {isa = PBXFileReference; lastKnownFileType = sourcecode.swift; path = AppDelegate.swift; sourceTree = "<group>"; };
		D92A8DA31F75BEEE00BA30CE /* art.scnassets */ = {isa = PBXFileReference; lastKnownFileType = wrapper.scnassets; path = art.scnassets; sourceTree = "<group>"; };
		D92A8DA51F75BEEE00BA30CE /* ViewController.swift */ = {isa = PBXFileReference; lastKnownFileType = sourcecode.swift; path = ViewController.swift; sourceTree = "<group>"; };
		D92A8DA81F75BEEE00BA30CE /* Base */ = {isa = PBXFileReference; lastKnownFileType = file.storyboard; name = Base; path = Base.lproj/Main.storyboard; sourceTree = "<group>"; };
		D92A8DAA1F75BEEE00BA30CE /* Assets.xcassets */ = {isa = PBXFileReference; lastKnownFileType = folder.assetcatalog; path = Assets.xcassets; sourceTree = "<group>"; };
		D92A8DAD1F75BEEE00BA30CE /* Base */ = {isa = PBXFileReference; lastKnownFileType = file.storyboard; name = Base; path = Base.lproj/LaunchScreen.storyboard; sourceTree = "<group>"; };
		D92A8DAF1F75BEEE00BA30CE /* Info.plist */ = {isa = PBXFileReference; lastKnownFileType = text.plist.xml; path = Info.plist; sourceTree = "<group>"; };
		E0000FED12B8AF10512621D1 /* Pods-CalARie.debug.xcconfig */ = {isa = PBXFileReference; includeInIndex = 1; lastKnownFileType = text.xcconfig; name = "Pods-CalARie.debug.xcconfig"; path = "Pods/Target Support Files/Pods-CalARie/Pods-CalARie.debug.xcconfig"; sourceTree = "<group>"; };
		EDA6C5C0F88F348D4B632C63 /* Pods-CalARie.release.xcconfig */ = {isa = PBXFileReference; includeInIndex = 1; lastKnownFileType = text.xcconfig; name = "Pods-CalARie.release.xcconfig"; path = "Pods/Target Support Files/Pods-CalARie/Pods-CalARie.release.xcconfig"; sourceTree = "<group>"; };
/* End PBXFileReference section */

/* Begin PBXFrameworksBuildPhase section */
		D92A8D9B1F75BEEE00BA30CE /* Frameworks */ = {
			isa = PBXFrameworksBuildPhase;
			buildActionMask = 2147483647;
			files = (
				73EDA611C28576BAFE27FEB5 /* Pods_CalARie.framework in Frameworks */,
			);
			runOnlyForDeploymentPostprocessing = 0;
		};
/* End PBXFrameworksBuildPhase section */

/* Begin PBXGroup section */
		3B6504BD8B8BFA5FC004026A /* Pods */ = {
			isa = PBXGroup;
			children = (
				E0000FED12B8AF10512621D1 /* Pods-CalARie.debug.xcconfig */,
				EDA6C5C0F88F348D4B632C63 /* Pods-CalARie.release.xcconfig */,
			);
			name = Pods;
			sourceTree = "<group>";
		};
		D92A8D951F75BEEE00BA30CE = {
			isa = PBXGroup;
			children = (
				D92A8DA01F75BEEE00BA30CE /* CalARie */,
				D92A8D9F1F75BEEE00BA30CE /* Products */,
				3B6504BD8B8BFA5FC004026A /* Pods */,
				ECFDB5082B418DEB5189E962 /* Frameworks */,
			);
			sourceTree = "<group>";
		};
		D92A8D9F1F75BEEE00BA30CE /* Products */ = {
			isa = PBXGroup;
			children = (
				D92A8D9E1F75BEEE00BA30CE /* CalARie.app */,
			);
			name = Products;
			sourceTree = "<group>";
		};
		D92A8DA01F75BEEE00BA30CE /* CalARie */ = {
			isa = PBXGroup;
			children = (
				D92A8DA11F75BEEE00BA30CE /* AppDelegate.swift */,
				2C46C9A91F75C77200969EAF /* NutritionAPIManager.swift */,
				D92A8DA31F75BEEE00BA30CE /* art.scnassets */,
				D92A8DA51F75BEEE00BA30CE /* ViewController.swift */,
				2C46C9AB1F75D1A700969EAF /* FoodManager.swift */,
				2C46C9AD1F75D1F500969EAF /* HistoryData.swift */,
				D9248F201F75F0D800EF830D /* HistoryTableViewController.swift */,
				2C46C9A71F75C6EF00969EAF /* GoogleAPIManager.swift */,
				D92A8DA71F75BEEE00BA30CE /* Main.storyboard */,
				D92A8DAA1F75BEEE00BA30CE /* Assets.xcassets */,
				D92A8DAC1F75BEEE00BA30CE /* LaunchScreen.storyboard */,
				D92A8DAF1F75BEEE00BA30CE /* Info.plist */,
			);
			path = CalARie;
			sourceTree = "<group>";
		};
		ECFDB5082B418DEB5189E962 /* Frameworks */ = {
			isa = PBXGroup;
			children = (
				9EE2BA1EAFF8850253B46486 /* Pods_CalARie.framework */,
			);
			name = Frameworks;
			sourceTree = "<group>";
		};
/* End PBXGroup section */

/* Begin PBXNativeTarget section */
		D92A8D9D1F75BEEE00BA30CE /* CalARie */ = {
			isa = PBXNativeTarget;
			buildConfigurationList = D92A8DB21F75BEEE00BA30CE /* Build configuration list for PBXNativeTarget "CalARie" */;
			buildPhases = (
				8F418EB3EB2FF971E7970BD3 /* [CP] Check Pods Manifest.lock */,
				D92A8D9A1F75BEEE00BA30CE /* Sources */,
				D92A8D9B1F75BEEE00BA30CE /* Frameworks */,
				D92A8D9C1F75BEEE00BA30CE /* Resources */,
				201A5D305E64A1947F48AEF6 /* [CP] Embed Pods Frameworks */,
				83EBB2854914A04ECF50188B /* [CP] Copy Pods Resources */,
			);
			buildRules = (
			);
			dependencies = (
			);
			name = CalARie;
			productName = CalARie;
			productReference = D92A8D9E1F75BEEE00BA30CE /* CalARie.app */;
			productType = "com.apple.product-type.application";
		};
/* End PBXNativeTarget section */

/* Begin PBXProject section */
		D92A8D961F75BEEE00BA30CE /* Project object */ = {
			isa = PBXProject;
			attributes = {
				LastSwiftUpdateCheck = 0900;
				LastUpgradeCheck = 0900;
				ORGANIZATIONNAME = "Brendon Ho";
				TargetAttributes = {
					D92A8D9D1F75BEEE00BA30CE = {
						CreatedOnToolsVersion = 9.0;
						ProvisioningStyle = Automatic;
					};
				};
			};
			buildConfigurationList = D92A8D991F75BEEE00BA30CE /* Build configuration list for PBXProject "CalARie" */;
			compatibilityVersion = "Xcode 8.0";
			developmentRegion = en;
			hasScannedForEncodings = 0;
			knownRegions = (
				en,
				Base,
			);
			mainGroup = D92A8D951F75BEEE00BA30CE;
			productRefGroup = D92A8D9F1F75BEEE00BA30CE /* Products */;
			projectDirPath = "";
			projectRoot = "";
			targets = (
				D92A8D9D1F75BEEE00BA30CE /* CalARie */,
			);
		};
/* End PBXProject section */

/* Begin PBXResourcesBuildPhase section */
		D92A8D9C1F75BEEE00BA30CE /* Resources */ = {
			isa = PBXResourcesBuildPhase;
			buildActionMask = 2147483647;
			files = (
				D92A8DA41F75BEEE00BA30CE /* art.scnassets in Resources */,
				D92A8DAE1F75BEEE00BA30CE /* LaunchScreen.storyboard in Resources */,
				D92A8DAB1F75BEEE00BA30CE /* Assets.xcassets in Resources */,
				D92A8DA91F75BEEE00BA30CE /* Main.storyboard in Resources */,
			);
			runOnlyForDeploymentPostprocessing = 0;
		};
/* End PBXResourcesBuildPhase section */

/* Begin PBXShellScriptBuildPhase section */
		201A5D305E64A1947F48AEF6 /* [CP] Embed Pods Frameworks */ = {
			isa = PBXShellScriptBuildPhase;
			buildActionMask = 2147483647;
			files = (
			);
			inputPaths = (
				"${SRCROOT}/Pods/Target Support Files/Pods-CalARie/Pods-CalARie-frameworks.sh",
				"${BUILT_PRODUCTS_DIR}/Alamofire/Alamofire.framework",
				"${BUILT_PRODUCTS_DIR}/DeckTransition/DeckTransition.framework",
				"${BUILT_PRODUCTS_DIR}/SwiftyJSON/SwiftyJSON.framework",
			);
			name = "[CP] Embed Pods Frameworks";
			outputPaths = (
				"${TARGET_BUILD_DIR}/${FRAMEWORKS_FOLDER_PATH}/Alamofire.framework",
				"${TARGET_BUILD_DIR}/${FRAMEWORKS_FOLDER_PATH}/DeckTransition.framework",
				"${TARGET_BUILD_DIR}/${FRAMEWORKS_FOLDER_PATH}/SwiftyJSON.framework",
			);
			runOnlyForDeploymentPostprocessing = 0;
			shellPath = /bin/sh;
			shellScript = "\"${SRCROOT}/Pods/Target Support Files/Pods-CalARie/Pods-CalARie-frameworks.sh\"\n";
			showEnvVarsInLog = 0;
		};
		83EBB2854914A04ECF50188B /* [CP] Copy Pods Resources */ = {
			isa = PBXShellScriptBuildPhase;
			buildActionMask = 2147483647;
			files = (
			);
			inputPaths = (
			);
			name = "[CP] Copy Pods Resources";
			outputPaths = (
			);
			runOnlyForDeploymentPostprocessing = 0;
			shellPath = /bin/sh;
			shellScript = "\"${SRCROOT}/Pods/Target Support Files/Pods-CalARie/Pods-CalARie-resources.sh\"\n";
			showEnvVarsInLog = 0;
		};
		8F418EB3EB2FF971E7970BD3 /* [CP] Check Pods Manifest.lock */ = {
			isa = PBXShellScriptBuildPhase;
			buildActionMask = 2147483647;
			files = (
			);
			inputPaths = (
				"${PODS_PODFILE_DIR_PATH}/Podfile.lock",
				"${PODS_ROOT}/Manifest.lock",
			);
			name = "[CP] Check Pods Manifest.lock";
			outputPaths = (
				"$(DERIVED_FILE_DIR)/Pods-CalARie-checkManifestLockResult.txt",
			);
			runOnlyForDeploymentPostprocessing = 0;
			shellPath = /bin/sh;
			shellScript = "diff \"${PODS_PODFILE_DIR_PATH}/Podfile.lock\" \"${PODS_ROOT}/Manifest.lock\" > /dev/null\nif [ $? != 0 ] ; then\n    # print error to STDERR\n    echo \"error: The sandbox is not in sync with the Podfile.lock. Run 'pod install' or update your CocoaPods installation.\" >&2\n    exit 1\nfi\n# This output is used by Xcode 'outputs' to avoid re-running this script phase.\necho \"SUCCESS\" > \"${SCRIPT_OUTPUT_FILE_0}\"\n";
			showEnvVarsInLog = 0;
		};
/* End PBXShellScriptBuildPhase section */

/* Begin PBXSourcesBuildPhase section */
		D92A8D9A1F75BEEE00BA30CE /* Sources */ = {
			isa = PBXSourcesBuildPhase;
			buildActionMask = 2147483647;
			files = (
				D92A8DA61F75BEEE00BA30CE /* ViewController.swift in Sources */,
				2C46C9AC1F75D1A700969EAF /* FoodManager.swift in Sources */,
				2C46C9AE1F75D1F500969EAF /* HistoryData.swift in Sources */,
				2C46C9AA1F75C77200969EAF /* NutritionAPIManager.swift in Sources */,
				D9248F211F75F0D800EF830D /* HistoryTableViewController.swift in Sources */,
				2C46C9A81F75C6EF00969EAF /* GoogleAPIManager.swift in Sources */,
				D92A8DA21F75BEEE00BA30CE /* AppDelegate.swift in Sources */,
			);
			runOnlyForDeploymentPostprocessing = 0;
		};
/* End PBXSourcesBuildPhase section */

/* Begin PBXVariantGroup section */
		D92A8DA71F75BEEE00BA30CE /* Main.storyboard */ = {
			isa = PBXVariantGroup;
			children = (
				D92A8DA81F75BEEE00BA30CE /* Base */,
			);
			name = Main.storyboard;
			sourceTree = "<group>";
		};
		D92A8DAC1F75BEEE00BA30CE /* LaunchScreen.storyboard */ = {
			isa = PBXVariantGroup;
			children = (
				D92A8DAD1F75BEEE00BA30CE /* Base */,
			);
			name = LaunchScreen.storyboard;
			sourceTree = "<group>";
		};
/* End PBXVariantGroup section */

/* Begin XCBuildConfiguration section */
		D92A8DB01F75BEEE00BA30CE /* Debug */ = {
			isa = XCBuildConfiguration;
			buildSettings = {
				ALWAYS_SEARCH_USER_PATHS = NO;
				CLANG_ANALYZER_NONNULL = YES;
				CLANG_ANALYZER_NUMBER_OBJECT_CONVERSION = YES_AGGRESSIVE;
				CLANG_CXX_LANGUAGE_STANDARD = "gnu++14";
				CLANG_CXX_LIBRARY = "libc++";
				CLANG_ENABLE_MODULES = YES;
				CLANG_ENABLE_OBJC_ARC = YES;
				CLANG_WARN_BLOCK_CAPTURE_AUTORELEASING = YES;
				CLANG_WARN_BOOL_CONVERSION = YES;
				CLANG_WARN_COMMA = YES;
				CLANG_WARN_CONSTANT_CONVERSION = YES;
				CLANG_WARN_DIRECT_OBJC_ISA_USAGE = YES_ERROR;
				CLANG_WARN_DOCUMENTATION_COMMENTS = YES;
				CLANG_WARN_EMPTY_BODY = YES;
				CLANG_WARN_ENUM_CONVERSION = YES;
				CLANG_WARN_INFINITE_RECURSION = YES;
				CLANG_WARN_INT_CONVERSION = YES;
				CLANG_WARN_NON_LITERAL_NULL_CONVERSION = YES;
				CLANG_WARN_OBJC_LITERAL_CONVERSION = YES;
				CLANG_WARN_OBJC_ROOT_CLASS = YES_ERROR;
				CLANG_WARN_RANGE_LOOP_ANALYSIS = YES;
				CLANG_WARN_STRICT_PROTOTYPES = YES;
				CLANG_WARN_SUSPICIOUS_MOVE = YES;
				CLANG_WARN_UNGUARDED_AVAILABILITY = YES_AGGRESSIVE;
				CLANG_WARN_UNREACHABLE_CODE = YES;
				CLANG_WARN__DUPLICATE_METHOD_MATCH = YES;
				CODE_SIGN_IDENTITY = "iPhone Developer";
				COPY_PHASE_STRIP = NO;
				DEBUG_INFORMATION_FORMAT = dwarf;
				ENABLE_STRICT_OBJC_MSGSEND = YES;
				ENABLE_TESTABILITY = YES;
				GCC_C_LANGUAGE_STANDARD = gnu11;
				GCC_DYNAMIC_NO_PIC = NO;
				GCC_NO_COMMON_BLOCKS = YES;
				GCC_OPTIMIZATION_LEVEL = 0;
				GCC_PREPROCESSOR_DEFINITIONS = (
					"DEBUG=1",
					"$(inherited)",
				);
				GCC_WARN_64_TO_32_BIT_CONVERSION = YES;
				GCC_WARN_ABOUT_RETURN_TYPE = YES_ERROR;
				GCC_WARN_UNDECLARED_SELECTOR = YES;
				GCC_WARN_UNINITIALIZED_AUTOS = YES_AGGRESSIVE;
				GCC_WARN_UNUSED_FUNCTION = YES;
				GCC_WARN_UNUSED_VARIABLE = YES;
				IPHONEOS_DEPLOYMENT_TARGET = 11.0;
				MTL_ENABLE_DEBUG_INFO = YES;
				ONLY_ACTIVE_ARCH = YES;
				SDKROOT = iphoneos;
				SWIFT_ACTIVE_COMPILATION_CONDITIONS = DEBUG;
				SWIFT_OPTIMIZATION_LEVEL = "-Onone";
			};
			name = Debug;
		};
		D92A8DB11F75BEEE00BA30CE /* Release */ = {
			isa = XCBuildConfiguration;
			buildSettings = {
				ALWAYS_SEARCH_USER_PATHS = NO;
				CLANG_ANALYZER_NONNULL = YES;
				CLANG_ANALYZER_NUMBER_OBJECT_CONVERSION = YES_AGGRESSIVE;
				CLANG_CXX_LANGUAGE_STANDARD = "gnu++14";
				CLANG_CXX_LIBRARY = "libc++";
				CLANG_ENABLE_MODULES = YES;
				CLANG_ENABLE_OBJC_ARC = YES;
				CLANG_WARN_BLOCK_CAPTURE_AUTORELEASING = YES;
				CLANG_WARN_BOOL_CONVERSION = YES;
				CLANG_WARN_COMMA = YES;
				CLANG_WARN_CONSTANT_CONVERSION = YES;
				CLANG_WARN_DIRECT_OBJC_ISA_USAGE = YES_ERROR;
				CLANG_WARN_DOCUMENTATION_COMMENTS = YES;
				CLANG_WARN_EMPTY_BODY = YES;
				CLANG_WARN_ENUM_CONVERSION = YES;
				CLANG_WARN_INFINITE_RECURSION = YES;
				CLANG_WARN_INT_CONVERSION = YES;
				CLANG_WARN_NON_LITERAL_NULL_CONVERSION = YES;
				CLANG_WARN_OBJC_LITERAL_CONVERSION = YES;
				CLANG_WARN_OBJC_ROOT_CLASS = YES_ERROR;
				CLANG_WARN_RANGE_LOOP_ANALYSIS = YES;
				CLANG_WARN_STRICT_PROTOTYPES = YES;
				CLANG_WARN_SUSPICIOUS_MOVE = YES;
				CLANG_WARN_UNGUARDED_AVAILABILITY = YES_AGGRESSIVE;
				CLANG_WARN_UNREACHABLE_CODE = YES;
				CLANG_WARN__DUPLICATE_METHOD_MATCH = YES;
				CODE_SIGN_IDENTITY = "iPhone Developer";
				COPY_PHASE_STRIP = NO;
				DEBUG_INFORMATION_FORMAT = "dwarf-with-dsym";
				ENABLE_NS_ASSERTIONS = NO;
				ENABLE_STRICT_OBJC_MSGSEND = YES;
				GCC_C_LANGUAGE_STANDARD = gnu11;
				GCC_NO_COMMON_BLOCKS = YES;
				GCC_WARN_64_TO_32_BIT_CONVERSION = YES;
				GCC_WARN_ABOUT_RETURN_TYPE = YES_ERROR;
				GCC_WARN_UNDECLARED_SELECTOR = YES;
				GCC_WARN_UNINITIALIZED_AUTOS = YES_AGGRESSIVE;
				GCC_WARN_UNUSED_FUNCTION = YES;
				GCC_WARN_UNUSED_VARIABLE = YES;
				IPHONEOS_DEPLOYMENT_TARGET = 11.0;
				MTL_ENABLE_DEBUG_INFO = NO;
				SDKROOT = iphoneos;
				SWIFT_OPTIMIZATION_LEVEL = "-Owholemodule";
				VALIDATE_PRODUCT = YES;
			};
			name = Release;
		};
		D92A8DB31F75BEEE00BA30CE /* Debug */ = {
			isa = XCBuildConfiguration;
			baseConfigurationReference = E0000FED12B8AF10512621D1 /* Pods-CalARie.debug.xcconfig */;
			buildSettings = {
				ASSETCATALOG_COMPILER_APPICON_NAME = AppIcon;
				CODE_SIGN_STYLE = Automatic;
				DEVELOPMENT_TEAM = WD6FRG4V7Z;
				INFOPLIST_FILE = CalARie/Info.plist;
				LD_RUNPATH_SEARCH_PATHS = "$(inherited) @executable_path/Frameworks";
				PRODUCT_BUNDLE_IDENTIFIER = com.ichauster.calarie;
				PRODUCT_NAME = "$(TARGET_NAME)";
				SWIFT_VERSION = 4.0;
				TARGETED_DEVICE_FAMILY = "1,2";
			};
			name = Debug;
		};
		D92A8DB41F75BEEE00BA30CE /* Release */ = {
			isa = XCBuildConfiguration;
			baseConfigurationReference = EDA6C5C0F88F348D4B632C63 /* Pods-CalARie.release.xcconfig */;
			buildSettings = {
				ASSETCATALOG_COMPILER_APPICON_NAME = AppIcon;
				CODE_SIGN_STYLE = Automatic;
				DEVELOPMENT_TEAM = WD6FRG4V7Z;
				INFOPLIST_FILE = CalARie/Info.plist;
				LD_RUNPATH_SEARCH_PATHS = "$(inherited) @executable_path/Frameworks";
				PRODUCT_BUNDLE_IDENTIFIER = com.ichauster.calarie;
				PRODUCT_NAME = "$(TARGET_NAME)";
				SWIFT_VERSION = 4.0;
				TARGETED_DEVICE_FAMILY = "1,2";
			};
			name = Release;
		};
/* End XCBuildConfiguration section */

/* Begin XCConfigurationList section */
		D92A8D991F75BEEE00BA30CE /* Build configuration list for PBXProject "CalARie" */ = {
			isa = XCConfigurationList;
			buildConfigurations = (
				D92A8DB01F75BEEE00BA30CE /* Debug */,
				D92A8DB11F75BEEE00BA30CE /* Release */,
			);
			defaultConfigurationIsVisible = 0;
			defaultConfigurationName = Release;
		};
		D92A8DB21F75BEEE00BA30CE /* Build configuration list for PBXNativeTarget "CalARie" */ = {
			isa = XCConfigurationList;
			buildConfigurations = (
				D92A8DB31F75BEEE00BA30CE /* Debug */,
				D92A8DB41F75BEEE00BA30CE /* Release */,
			);
			defaultConfigurationIsVisible = 0;
			defaultConfigurationName = Release;
		};
/* End XCConfigurationList section */
	};
	rootObject = D92A8D961F75BEEE00BA30CE /* Project object */;
}
